{
  "nodes": {
    "flakeNimbleLib": {
      "inputs": {
        "nixpkgs": [
          "nixpkgs"
        ]
      },
      "locked": {
        "lastModified": 1662018438,
        "narHash": "sha256-QtNtU6+LX3Wokxf0zlFwKTFOcn6TeDjKQZ+DA9OYtvM=",
        "owner": "riinr",
        "repo": "nim-flakes-lib",
        "rev": "b1fe8340736e3a85d25c709ac3dfd82a55c03cbf",
        "type": "github"
      },
      "original": {
        "owner": "riinr",
        "ref": "master",
        "repo": "nim-flakes-lib",
        "type": "github"
      }
    },
    "nixpkgs": {
      "locked": {
        "lastModified": 1667199707,
        "narHash": "sha256-I2Js3Y7gUyVSEXPULHlBoRek4Lh85vnevdS6mdvDNLI=",
        "owner": "NixOS",
        "repo": "nixpkgs",
        "rev": "ced197be72099edcfa68ebed8b87af7b04851f45",
        "type": "github"
      },
      "original": {
        "id": "nixpkgs",
        "type": "indirect"
      }
    },
    "opencl-master": {
      "inputs": {
        "flakeNimbleLib": [
          "flakeNimbleLib"
        ],
        "nixpkgs": [
          "nixpkgs"
        ],
        "src-opencl-master": "src-opencl-master"
      },
      "locked": {
        "dir": "master",
        "lastModified": 1667322548,
        "narHash": "sha256-kbM8F36WxhtHJri8P0vi01rgPdKNuAu+3S49I2dKzK4=",
        "owner": "nim-nix-pkgs",
        "repo": "opencl",
        "rev": "33d373b7885a32ac29d0438f2d68112251fd55ec",
        "type": "github"
      },
      "original": {
        "dir": "master",
        "owner": "nim-nix-pkgs",
        "ref": "master",
        "repo": "opencl",
        "type": "github"
      }
    },
    "root": {
      "inputs": {
        "flakeNimbleLib": "flakeNimbleLib",
        "nixpkgs": "nixpkgs",
        "opencl-master": "opencl-master"
      }
    },
    "src-opencl-master": {
      "flake": false,
      "locked": {
        "lastModified": 1531302651,
        "narHash": "sha256-sO3ndxFIHnqhFwP0/9AXgiMiQN09yeujXnd9Hu/tifE=",
        "owner": "nim-lang",
        "repo": "opencl",
        "rev": "bad8d9c13821b21fa95a1dc78d13ecfa51b93944",
        "type": "github"
      },
      "original": {
        "owner": "nim-lang",
        "ref": "refs/heads/master",
        "repo": "opencl",
        "type": "github"
      }
    }
  },
  "root": "root",
  "version": 7
}
